// !$*UTF8*$!
{
	archiveVersion = 1;
	classes = {
	};
	objectVersion = 55;
	objects = {

/* Begin PBXBuildFile section */
		044B367A2800BE0000911BF5 /* AppDelegate.swift in Sources */ = {isa = PBXBuildFile; fileRef = 044B36792800BE0000911BF5 /* AppDelegate.swift */; };
		044B367C2800BE0000911BF5 /* SceneDelegate.swift in Sources */ = {isa = PBXBuildFile; fileRef = 044B367B2800BE0000911BF5 /* SceneDelegate.swift */; };
		044B367E2800BE0000911BF5 /* ViewController.swift in Sources */ = {isa = PBXBuildFile; fileRef = 044B367D2800BE0000911BF5 /* ViewController.swift */; };
		044B36812800BE0000911BF5 /* Main.storyboard in Resources */ = {isa = PBXBuildFile; fileRef = 044B367F2800BE0000911BF5 /* Main.storyboard */; };
		044B36832800BE0200911BF5 /* Assets.xcassets in Resources */ = {isa = PBXBuildFile; fileRef = 044B36822800BE0200911BF5 /* Assets.xcassets */; };
		044B36862800BE0200911BF5 /* LaunchScreen.storyboard in Resources */ = {isa = PBXBuildFile; fileRef = 044B36842800BE0200911BF5 /* LaunchScreen.storyboard */; };
		044B36912800BE0200911BF5 /* customcellsnacksTests.swift in Sources */ = {isa = PBXBuildFile; fileRef = 044B36902800BE0200911BF5 /* customcellsnacksTests.swift */; };
		044B369B2800BE0200911BF5 /* customcellsnacksUITests.swift in Sources */ = {isa = PBXBuildFile; fileRef = 044B369A2800BE0200911BF5 /* customcellsnacksUITests.swift */; };
		044B369D2800BE0200911BF5 /* customcellsnacksUITestsLaunchTests.swift in Sources */ = {isa = PBXBuildFile; fileRef = 044B369C2800BE0200911BF5 /* customcellsnacksUITestsLaunchTests.swift */; };
		044B36AA2800C51C00911BF5 /* mainCourseTableViewCell in Sources */ = {isa = PBXBuildFile; fileRef = 044B36A92800C51C00911BF5 /* mainCourseTableViewCell */; };
		04EB1C2C3E945D5000EB603B /* SnackTableViewCell.swift in Sources */ = {isa = PBXBuildFile; fileRef = 04EB1C2A3E945D5000EB603B /* SnackTableViewCell.swift */; };
		04EB1C2D3E945D5000EB603B /* SnackTableViewCell.xib in Resources */ = {isa = PBXBuildFile; fileRef = 04EB1C2B3E945D5000EB603B /* SnackTableViewCell.xib */; };
		04EB1C2F3E945FC400EB603B /* MainCourseTableViewCell.swift in Sources */ = {isa = PBXBuildFile; fileRef = 04EB1C2E3E945FC400EB603B /* MainCourseTableViewCell.swift */; };
/* End PBXBuildFile section */

/* Begin PBXContainerItemProxy section */
		044B368D2800BE0200911BF5 /* PBXContainerItemProxy */ = {
			isa = PBXContainerItemProxy;
			containerPortal = 044B366E2800BE0000911BF5 /* Project object */;
			proxyType = 1;
			remoteGlobalIDString = 044B36752800BE0000911BF5;
			remoteInfo = customcellsnacks;
		};
		044B36972800BE0200911BF5 /* PBXContainerItemProxy */ = {
			isa = PBXContainerItemProxy;
			containerPortal = 044B366E2800BE0000911BF5 /* Project object */;
			proxyType = 1;
			remoteGlobalIDString = 044B36752800BE0000911BF5;
			remoteInfo = customcellsnacks;
		};
/* End PBXContainerItemProxy section */

/* Begin PBXFileReference section */
		044B36762800BE0000911BF5 /* customcellsnacks.app */ = {isa = PBXFileReference; explicitFileType = wrapper.application; includeInIndex = 0; path = customcellsnacks.app; sourceTree = BUILT_PRODUCTS_DIR; };
		044B36792800BE0000911BF5 /* AppDelegate.swift */ = {isa = PBXFileReference; lastKnownFileType = sourcecode.swift; path = AppDelegate.swift; sourceTree = "<group>"; };
		044B367B2800BE0000911BF5 /* SceneDelegate.swift */ = {isa = PBXFileReference; lastKnownFileType = sourcecode.swift; path = SceneDelegate.swift; sourceTree = "<group>"; };
		044B367D2800BE0000911BF5 /* ViewController.swift */ = {isa = PBXFileReference; lastKnownFileType = sourcecode.swift; path = ViewController.swift; sourceTree = "<group>"; };
		044B36802800BE0000911BF5 /* Base */ = {isa = PBXFileReference; lastKnownFileType = file.storyboard; name = Base; path = Base.lproj/Main.storyboard; sourceTree = "<group>"; };
		044B36822800BE0200911BF5 /* Assets.xcassets */ = {isa = PBXFileReference; lastKnownFileType = folder.assetcatalog; path = Assets.xcassets; sourceTree = "<group>"; };
		044B36852800BE0200911BF5 /* Base */ = {isa = PBXFileReference; lastKnownFileType = file.storyboard; name = Base; path = Base.lproj/LaunchScreen.storyboard; sourceTree = "<group>"; };
		044B36872800BE0200911BF5 /* Info.plist */ = {isa = PBXFileReference; lastKnownFileType = text.plist.xml; path = Info.plist; sourceTree = "<group>"; };
		044B368C2800BE0200911BF5 /* customcellsnacksTests.xctest */ = {isa = PBXFileReference; explicitFileType = wrapper.cfbundle; includeInIndex = 0; path = customcellsnacksTests.xctest; sourceTree = BUILT_PRODUCTS_DIR; };
		044B36902800BE0200911BF5 /* customcellsnacksTests.swift */ = {isa = PBXFileReference; lastKnownFileType = sourcecode.swift; path = customcellsnacksTests.swift; sourceTree = "<group>"; };
		044B36962800BE0200911BF5 /* customcellsnacksUITests.xctest */ = {isa = PBXFileReference; explicitFileType = wrapper.cfbundle; includeInIndex = 0; path = customcellsnacksUITests.xctest; sourceTree = BUILT_PRODUCTS_DIR; };
		044B369A2800BE0200911BF5 /* customcellsnacksUITests.swift */ = {isa = PBXFileReference; lastKnownFileType = sourcecode.swift; path = customcellsnacksUITests.swift; sourceTree = "<group>"; };
		044B369C2800BE0200911BF5 /* customcellsnacksUITestsLaunchTests.swift */ = {isa = PBXFileReference; lastKnownFileType = sourcecode.swift; path = customcellsnacksUITestsLaunchTests.swift; sourceTree = "<group>"; };
		044B36A92800C51C00911BF5 /* mainCourseTableViewCell */ = {isa = PBXFileReference; lastKnownFileType = text; path = mainCourseTableViewCell; sourceTree = "<group>"; };
		04EB1C2A3E945D5000EB603B /* SnackTableViewCell.swift */ = {isa = PBXFileReference; lastKnownFileType = sourcecode.swift; path = SnackTableViewCell.swift; sourceTree = "<group>"; };
		04EB1C2B3E945D5000EB603B /* SnackTableViewCell.xib */ = {isa = PBXFileReference; lastKnownFileType = file.xib; path = SnackTableViewCell.xib; sourceTree = "<group>"; };
		04EB1C2E3E945FC400EB603B /* MainCourseTableViewCell.swift */ = {isa = PBXFileReference; lastKnownFileType = sourcecode.swift; path = MainCourseTableViewCell.swift; sourceTree = "<group>"; };
/* End PBXFileReference section */

/* Begin PBXFrameworksBuildPhase section */
		044B36732800BE0000911BF5 /* Frameworks */ = {
			isa = PBXFrameworksBuildPhase;
			buildActionMask = 2147483647;
			files = (
			);
			runOnlyForDeploymentPostprocessing = 0;
		};
		044B36892800BE0200911BF5 /* Frameworks */ = {
			isa = PBXFrameworksBuildPhase;
			buildActionMask = 2147483647;
			files = (
			);
			runOnlyForDeploymentPostprocessing = 0;
		};
		044B36932800BE0200911BF5 /* Frameworks */ = {
			isa = PBXFrameworksBuildPhase;
			buildActionMask = 2147483647;
			files = (
			);
			runOnlyForDeploymentPostprocessing = 0;
		};
/* End PBXFrameworksBuildPhase section */

/* Begin PBXGroup section */
		044B366D2800BE0000911BF5 = {
			isa = PBXGroup;
			children = (
				044B36A92800C51C00911BF5 /* mainCourseTableViewCell */,
				044B36782800BE0000911BF5 /* customcellsnacks */,
				044B368F2800BE0200911BF5 /* customcellsnacksTests */,
				044B36992800BE0200911BF5 /* customcellsnacksUITests */,
				044B36772800BE0000911BF5 /* Products */,
			);
			sourceTree = "<group>";
		};
		044B36772800BE0000911BF5 /* Products */ = {
			isa = PBXGroup;
			children = (
				044B36762800BE0000911BF5 /* customcellsnacks.app */,
				044B368C2800BE0200911BF5 /* customcellsnacksTests.xctest */,
				044B36962800BE0200911BF5 /* customcellsnacksUITests.xctest */,
			);
			name = Products;
			sourceTree = "<group>";
		};
		044B36782800BE0000911BF5 /* customcellsnacks */ = {
			isa = PBXGroup;
			children = (
				044B36792800BE0000911BF5 /* AppDelegate.swift */,
				044B367B2800BE0000911BF5 /* SceneDelegate.swift */,
				044B367D2800BE0000911BF5 /* ViewController.swift */,
				04EB1C2E3E945FC400EB603B /* MainCourseTableViewCell.swift */,
				04EB1C2A3E945D5000EB603B /* SnackTableViewCell.swift */,
				04EB1C2B3E945D5000EB603B /* SnackTableViewCell.xib */,
				044B367F2800BE0000911BF5 /* Main.storyboard */,
				044B36822800BE0200911BF5 /* Assets.xcassets */,
				044B36842800BE0200911BF5 /* LaunchScreen.storyboard */,
				044B36872800BE0200911BF5 /* Info.plist */,
			);
			path = customcellsnacks;
			sourceTree = "<group>";
		};
		044B368F2800BE0200911BF5 /* customcellsnacksTests */ = {
			isa = PBXGroup;
			children = (
				044B36902800BE0200911BF5 /* customcellsnacksTests.swift */,
			);
			path = customcellsnacksTests;
			sourceTree = "<group>";
		};
		044B36992800BE0200911BF5 /* customcellsnacksUITests */ = {
			isa = PBXGroup;
			children = (
				044B369A2800BE0200911BF5 /* customcellsnacksUITests.swift */,
				044B369C2800BE0200911BF5 /* customcellsnacksUITestsLaunchTests.swift */,
			);
			path = customcellsnacksUITests;
			sourceTree = "<group>";
		};
/* End PBXGroup section */

/* Begin PBXNativeTarget section */
		044B36752800BE0000911BF5 /* customcellsnacks */ = {
			isa = PBXNativeTarget;
			buildConfigurationList = 044B36A02800BE0200911BF5 /* Build configuration list for PBXNativeTarget "customcellsnacks" */;
			buildPhases = (
				044B36722800BE0000911BF5 /* Sources */,
				044B36732800BE0000911BF5 /* Frameworks */,
				044B36742800BE0000911BF5 /* Resources */,
			);
			buildRules = (
			);
			dependencies = (
			);
			name = customcellsnacks;
			productName = customcellsnacks;
			productReference = 044B36762800BE0000911BF5 /* customcellsnacks.app */;
			productType = "com.apple.product-type.application";
		};
		044B368B2800BE0200911BF5 /* customcellsnacksTests */ = {
			isa = PBXNativeTarget;
			buildConfigurationList = 044B36A32800BE0200911BF5 /* Build configuration list for PBXNativeTarget "customcellsnacksTests" */;
			buildPhases = (
				044B36882800BE0200911BF5 /* Sources */,
				044B36892800BE0200911BF5 /* Frameworks */,
				044B368A2800BE0200911BF5 /* Resources */,
			);
			buildRules = (
			);
			dependencies = (
				044B368E2800BE0200911BF5 /* PBXTargetDependency */,
			);
			name = customcellsnacksTests;
			productName = customcellsnacksTests;
			productReference = 044B368C2800BE0200911BF5 /* customcellsnacksTests.xctest */;
			productType = "com.apple.product-type.bundle.unit-test";
		};
		044B36952800BE0200911BF5 /* customcellsnacksUITests */ = {
			isa = PBXNativeTarget;
			buildConfigurationList = 044B36A62800BE0200911BF5 /* Build configuration list for PBXNativeTarget "customcellsnacksUITests" */;
			buildPhases = (
				044B36922800BE0200911BF5 /* Sources */,
				044B36932800BE0200911BF5 /* Frameworks */,
				044B36942800BE0200911BF5 /* Resources */,
			);
			buildRules = (
			);
			dependencies = (
				044B36982800BE0200911BF5 /* PBXTargetDependency */,
			);
			name = customcellsnacksUITests;
			productName = customcellsnacksUITests;
			productReference = 044B36962800BE0200911BF5 /* customcellsnacksUITests.xctest */;
			productType = "com.apple.product-type.bundle.ui-testing";
		};
/* End PBXNativeTarget section */

/* Begin PBXProject section */
		044B366E2800BE0000911BF5 /* Project object */ = {
			isa = PBXProject;
			attributes = {
				BuildIndependentTargetsInParallel = 1;
				LastSwiftUpdateCheck = 1320;
				LastUpgradeCheck = 1320;
				TargetAttributes = {
					044B36752800BE0000911BF5 = {
						CreatedOnToolsVersion = 13.2.1;
					};
					044B368B2800BE0200911BF5 = {
						CreatedOnToolsVersion = 13.2.1;
						TestTargetID = 044B36752800BE0000911BF5;
					};
					044B36952800BE0200911BF5 = {
						CreatedOnToolsVersion = 13.2.1;
						TestTargetID = 044B36752800BE0000911BF5;
					};
				};
			};
			buildConfigurationList = 044B36712800BE0000911BF5 /* Build configuration list for PBXProject "customcellsnacks" */;
			compatibilityVersion = "Xcode 13.0";
			developmentRegion = en;
			hasScannedForEncodings = 0;
			knownRegions = (
				en,
				Base,
			);
			mainGroup = 044B366D2800BE0000911BF5;
			productRefGroup = 044B36772800BE0000911BF5 /* Products */;
			projectDirPath = "";
			projectRoot = "";
			targets = (
				044B36752800BE0000911BF5 /* customcellsnacks */,
				044B368B2800BE0200911BF5 /* customcellsnacksTests */,
				044B36952800BE0200911BF5 /* customcellsnacksUITests */,
			);
		};
/* End PBXProject section */

/* Begin PBXResourcesBuildPhase section */
		044B36742800BE0000911BF5 /* Resources */ = {
			isa = PBXResourcesBuildPhase;
			buildActionMask = 2147483647;
			files = (
				044B36862800BE0200911BF5 /* LaunchScreen.storyboard in Resources */,
				044B36832800BE0200911BF5 /* Assets.xcassets in Resources */,
				04EB1C2D3E945D5000EB603B /* SnackTableViewCell.xib in Resources */,
				044B36812800BE0000911BF5 /* Main.storyboard in Resources */,
			);
			runOnlyForDeploymentPostprocessing = 0;
		};
		044B368A2800BE0200911BF5 /* Resources */ = {
			isa = PBXResourcesBuildPhase;
			buildActionMask = 2147483647;
			files = (
			);
			runOnlyForDeploymentPostprocessing = 0;
		};
		044B36942800BE0200911BF5 /* Resources */ = {
			isa = PBXResourcesBuildPhase;
			buildActionMask = 2147483647;
			files = (
			);
			runOnlyForDeploymentPostprocessing = 0;
		};
/* End PBXResourcesBuildPhase section */

/* Begin PBXSourcesBuildPhase section */
		044B36722800BE0000911BF5 /* Sources */ = {
			isa = PBXSourcesBuildPhase;
			buildActionMask = 2147483647;
			files = (
				04EB1C2C3E945D5000EB603B /* SnackTableViewCell.swift in Sources */,
				044B367E2800BE0000911BF5 /* ViewController.swift in Sources */,
				044B36AA2800C51C00911BF5 /* mainCourseTableViewCell in Sources */,
				04EB1C2F3E945FC400EB603B /* MainCourseTableViewCell.swift in Sources */,
				044B367A2800BE0000911BF5 /* AppDelegate.swift in Sources */,
				044B367C2800BE0000911BF5 /* SceneDelegate.swift in Sources */,
			);
			runOnlyForDeploymentPostprocessing = 0;
		};
		044B36882800BE0200911BF5 /* Sources */ = {
			isa = PBXSourcesBuildPhase;
			buildActionMask = 2147483647;
			files = (
				044B36912800BE0200911BF5 /* customcellsnacksTests.swift in Sources */,
			);
			runOnlyForDeploymentPostprocessing = 0;
		};
		044B36922800BE0200911BF5 /* Sources */ = {
			isa = PBXSourcesBuildPhase;
			buildActionMask = 2147483647;
			files = (
				044B369D2800BE0200911BF5 /* customcellsnacksUITestsLaunchTests.swift in Sources */,
				044B369B2800BE0200911BF5 /* customcellsnacksUITests.swift in Sources */,
			);
			runOnlyForDeploymentPostprocessing = 0;
		};
/* End PBXSourcesBuildPhase section */

/* Begin PBXTargetDependency section */
		044B368E2800BE0200911BF5 /* PBXTargetDependency */ = {
			isa = PBXTargetDependency;
			target = 044B36752800BE0000911BF5 /* customcellsnacks */;
			targetProxy = 044B368D2800BE0200911BF5 /* PBXContainerItemProxy */;
		};
		044B36982800BE0200911BF5 /* PBXTargetDependency */ = {
			isa = PBXTargetDependency;
			target = 044B36752800BE0000911BF5 /* customcellsnacks */;
			targetProxy = 044B36972800BE0200911BF5 /* PBXContainerItemProxy */;
		};
/* End PBXTargetDependency section */

/* Begin PBXVariantGroup section */
		044B367F2800BE0000911BF5 /* Main.storyboard */ = {
			isa = PBXVariantGroup;
			children = (
				044B36802800BE0000911BF5 /* Base */,
			);
			name = Main.storyboard;
			sourceTree = "<group>";
		};
		044B36842800BE0200911BF5 /* LaunchScreen.storyboard */ = {
			isa = PBXVariantGroup;
			children = (
				044B36852800BE0200911BF5 /* Base */,
			);
			name = LaunchScreen.storyboard;
			sourceTree = "<group>";
		};
/* End PBXVariantGroup section */

/* Begin XCBuildConfiguration section */
		044B369E2800BE0200911BF5 /* Debug */ = {
			isa = XCBuildConfiguration;
			buildSettings = {
				ALWAYS_SEARCH_USER_PATHS = NO;
				CLANG_ANALYZER_NONNULL = YES;
				CLANG_ANALYZER_NUMBER_OBJECT_CONVERSION = YES_AGGRESSIVE;
				CLANG_CXX_LANGUAGE_STANDARD = "gnu++17";
				CLANG_CXX_LIBRARY = "libc++";
				CLANG_ENABLE_MODULES = YES;
				CLANG_ENABLE_OBJC_ARC = YES;
				CLANG_ENABLE_OBJC_WEAK = YES;
				CLANG_WARN_BLOCK_CAPTURE_AUTORELEASING = YES;
				CLANG_WARN_BOOL_CONVERSION = YES;
				CLANG_WARN_COMMA = YES;
				CLANG_WARN_CONSTANT_CONVERSION = YES;
				CLANG_WARN_DEPRECATED_OBJC_IMPLEMENTATIONS = YES;
				CLANG_WARN_DIRECT_OBJC_ISA_USAGE = YES_ERROR;
				CLANG_WARN_DOCUMENTATION_COMMENTS = YES;
				CLANG_WARN_EMPTY_BODY = YES;
				CLANG_WARN_ENUM_CONVERSION = YES;
				CLANG_WARN_INFINITE_RECURSION = YES;
				CLANG_WARN_INT_CONVERSION = YES;
				CLANG_WARN_NON_LITERAL_NULL_CONVERSION = YES;
				CLANG_WARN_OBJC_IMPLICIT_RETAIN_SELF = YES;
				CLANG_WARN_OBJC_LITERAL_CONVERSION = YES;
				CLANG_WARN_OBJC_ROOT_CLASS = YES_ERROR;
				CLANG_WARN_QUOTED_INCLUDE_IN_FRAMEWORK_HEADER = YES;
				CLANG_WARN_RANGE_LOOP_ANALYSIS = YES;
				CLANG_WARN_STRICT_PROTOTYPES = YES;
				CLANG_WARN_SUSPICIOUS_MOVE = YES;
				CLANG_WARN_UNGUARDED_AVAILABILITY = YES_AGGRESSIVE;
				CLANG_WARN_UNREACHABLE_CODE = YES;
				CLANG_WARN__DUPLICATE_METHOD_MATCH = YES;
				COPY_PHASE_STRIP = NO;
				DEBUG_INFORMATION_FORMAT = dwarf;
				ENABLE_STRICT_OBJC_MSGSEND = YES;
				ENABLE_TESTABILITY = YES;
				GCC_C_LANGUAGE_STANDARD = gnu11;
				GCC_DYNAMIC_NO_PIC = NO;
				GCC_NO_COMMON_BLOCKS = YES;
				GCC_OPTIMIZATION_LEVEL = 0;
				GCC_PREPROCESSOR_DEFINITIONS = (
					"DEBUG=1",
					"$(inherited)",
				);
				GCC_WARN_64_TO_32_BIT_CONVERSION = YES;
				GCC_WARN_ABOUT_RETURN_TYPE = YES_ERROR;
				GCC_WARN_UNDECLARED_SELECTOR = YES;
				GCC_WARN_UNINITIALIZED_AUTOS = YES_AGGRESSIVE;
				GCC_WARN_UNUSED_FUNCTION = YES;
				GCC_WARN_UNUSED_VARIABLE = YES;
				IPHONEOS_DEPLOYMENT_TARGET = 15.2;
				MTL_ENABLE_DEBUG_INFO = INCLUDE_SOURCE;
				MTL_FAST_MATH = YES;
				ONLY_ACTIVE_ARCH = YES;
				SDKROOT = iphoneos;
				SWIFT_ACTIVE_COMPILATION_CONDITIONS = DEBUG;
				SWIFT_OPTIMIZATION_LEVEL = "-Onone";
			};
			name = Debug;
		};
		044B369F2800BE0200911BF5 /* Release */ = {
			isa = XCBuildConfiguration;
			buildSettings = {
				ALWAYS_SEARCH_USER_PATHS = NO;
				CLANG_ANALYZER_NONNULL = YES;
				CLANG_ANALYZER_NUMBER_OBJECT_CONVERSION = YES_AGGRESSIVE;
				CLANG_CXX_LANGUAGE_STANDARD = "gnu++17";
				CLANG_CXX_LIBRARY = "libc++";
				CLANG_ENABLE_MODULES = YES;
				CLANG_ENABLE_OBJC_ARC = YES;
				CLANG_ENABLE_OBJC_WEAK = YES;
				CLANG_WARN_BLOCK_CAPTURE_AUTORELEASING = YES;
				CLANG_WARN_BOOL_CONVERSION = YES;
				CLANG_WARN_COMMA = YES;
				CLANG_WARN_CONSTANT_CONVERSION = YES;
				CLANG_WARN_DEPRECATED_OBJC_IMPLEMENTATIONS = YES;
				CLANG_WARN_DIRECT_OBJC_ISA_USAGE = YES_ERROR;
				CLANG_WARN_DOCUMENTATION_COMMENTS = YES;
				CLANG_WARN_EMPTY_BODY = YES;
				CLANG_WARN_ENUM_CONVERSION = YES;
				CLANG_WARN_INFINITE_RECURSION = YES;
				CLANG_WARN_INT_CONVERSION = YES;
				CLANG_WARN_NON_LITERAL_NULL_CONVERSION = YES;
				CLANG_WARN_OBJC_IMPLICIT_RETAIN_SELF = YES;
				CLANG_WARN_OBJC_LITERAL_CONVERSION = YES;
				CLANG_WARN_OBJC_ROOT_CLASS = YES_ERROR;
				CLANG_WARN_QUOTED_INCLUDE_IN_FRAMEWORK_HEADER = YES;
				CLANG_WARN_RANGE_LOOP_ANALYSIS = YES;
				CLANG_WARN_STRICT_PROTOTYPES = YES;
				CLANG_WARN_SUSPICIOUS_MOVE = YES;
				CLANG_WARN_UNGUARDED_AVAILABILITY = YES_AGGRESSIVE;
				CLANG_WARN_UNREACHABLE_CODE = YES;
				CLANG_WARN__DUPLICATE_METHOD_MATCH = YES;
				COPY_PHASE_STRIP = NO;
				DEBUG_INFORMATION_FORMAT = "dwarf-with-dsym";
				ENABLE_NS_ASSERTIONS = NO;
				ENABLE_STRICT_OBJC_MSGSEND = YES;
				GCC_C_LANGUAGE_STANDARD = gnu11;
				GCC_NO_COMMON_BLOCKS = YES;
				GCC_WARN_64_TO_32_BIT_CONVERSION = YES;
				GCC_WARN_ABOUT_RETURN_TYPE = YES_ERROR;
				GCC_WARN_UNDECLARED_SELECTOR = YES;
				GCC_WARN_UNINITIALIZED_AUTOS = YES_AGGRESSIVE;
				GCC_WARN_UNUSED_FUNCTION = YES;
				GCC_WARN_UNUSED_VARIABLE = YES;
				IPHONEOS_DEPLOYMENT_TARGET = 15.2;
				MTL_ENABLE_DEBUG_INFO = NO;
				MTL_FAST_MATH = YES;
				SDKROOT = iphoneos;
				SWIFT_COMPILATION_MODE = wholemodule;
				SWIFT_OPTIMIZATION_LEVEL = "-O";
				VALIDATE_PRODUCT = YES;
			};
			name = Release;
		};
		044B36A12800BE0200911BF5 /* Debug */ = {
			isa = XCBuildConfiguration;
			buildSettings = {
				ASSETCATALOG_COMPILER_APPICON_NAME = AppIcon;
				ASSETCATALOG_COMPILER_GLOBAL_ACCENT_COLOR_NAME = AccentColor;
				CODE_SIGN_STYLE = Automatic;
				CURRENT_PROJECT_VERSION = 1;
				GENERATE_INFOPLIST_FILE = YES;
				INFOPLIST_FILE = customcellsnacks/Info.plist;
				INFOPLIST_KEY_UIApplicationSupportsIndirectInputEvents = YES;
				INFOPLIST_KEY_UILaunchStoryboardName = LaunchScreen;
				INFOPLIST_KEY_UIMainStoryboardFile = Main;
				INFOPLIST_KEY_UISupportedInterfaceOrientations_iPad = "UIInterfaceOrientationPortrait UIInterfaceOrientationPortraitUpsideDown UIInterfaceOrientationLandscapeLeft UIInterfaceOrientationLandscapeRight";
				INFOPLIST_KEY_UISupportedInterfaceOrientations_iPhone = "UIInterfaceOrientationPortrait UIInterfaceOrientationLandscapeLeft UIInterfaceOrientationLandscapeRight";
				LD_RUNPATH_SEARCH_PATHS = (
					"$(inherited)",
					"@executable_path/Frameworks",
				);
				MARKETING_VERSION = 1.0;
				PRODUCT_BUNDLE_IDENTIFIER = com.rutuja.customcellsnacks;
				PRODUCT_NAME = "$(TARGET_NAME)";
				SWIFT_EMIT_LOC_STRINGS = YES;
				SWIFT_VERSION = 5.0;
				TARGETED_DEVICE_FAMILY = "1,2";
			};
			name = Debug;
		};
		044B36A22800BE0200911BF5 /* Release */ = {
			isa = XCBuildConfiguration;
			buildSettings = {
				ASSETCATALOG_COMPILER_APPICON_NAME = AppIcon;
				ASSETCATALOG_COMPILER_GLOBAL_ACCENT_COLOR_NAME = AccentColor;
				CODE_SIGN_STYLE = Automatic;
				CURRENT_PROJECT_VERSION = 1;
				GENERATE_INFOPLIST_FILE = YES;
				INFOPLIST_FILE = customcellsnacks/Info.plist;
				INFOPLIST_KEY_UIApplicationSupportsIndirectInputEvents = YES;
				INFOPLIST_KEY_UILaunchStoryboardName = LaunchScreen;
				INFOPLIST_KEY_UIMainStoryboardFile = Main;
				INFOPLIST_KEY_UISupportedInterfaceOrientations_iPad = "UIInterfaceOrientationPortrait UIInterfaceOrientationPortraitUpsideDown UIInterfaceOrientationLandscapeLeft UIInterfaceOrientationLandscapeRight";
				INFOPLIST_KEY_UISupportedInterfaceOrientations_iPhone = "UIInterfaceOrientationPortrait UIInterfaceOrientationLandscapeLeft UIInterfaceOrientationLandscapeRight";
				LD_RUNPATH_SEARCH_PATHS = (
					"$(inherited)",
					"@executable_path/Frameworks",
				);
				MARKETING_VERSION = 1.0;
				PRODUCT_BUNDLE_IDENTIFIER = com.rutuja.customcellsnacks;
				PRODUCT_NAME = "$(TARGET_NAME)";
				SWIFT_EMIT_LOC_STRINGS = YES;
				SWIFT_VERSION = 5.0;
				TARGETED_DEVICE_FAMILY = "1,2";
			};
			name = Release;
		};
		044B36A42800BE0200911BF5 /* Debug */ = {
			isa = XCBuildConfiguration;
			buildSettings = {
				ALWAYS_EMBED_SWIFT_STANDARD_LIBRARIES = YES;
				BUNDLE_LOADER = "$(TEST_HOST)";
				CODE_SIGN_STYLE = Automatic;
				CURRENT_PROJECT_VERSION = 1;
				GENERATE_INFOPLIST_FILE = YES;
				IPHONEOS_DEPLOYMENT_TARGET = 15.2;
				MARKETING_VERSION = 1.0;
				PRODUCT_BUNDLE_IDENTIFIER = com.rutuja.customcellsnacksTests;
				PRODUCT_NAME = "$(TARGET_NAME)";
				SWIFT_EMIT_LOC_STRINGS = NO;
				SWIFT_VERSION = 5.0;
				TARGETED_DEVICE_FAMILY = "1,2";
				TEST_HOST = "$(BUILT_PRODUCTS_DIR)/customcellsnacks.app/customcellsnacks";
			};
			name = Debug;
		};
		044B36A52800BE0200911BF5 /* Release */ = {
			isa = XCBuildConfiguration;
			buildSettings = {
				ALWAYS_EMBED_SWIFT_STANDARD_LIBRARIES = YES;
				BUNDLE_LOADER = "$(TEST_HOST)";
				CODE_SIGN_STYLE = Automatic;
				CURRENT_PROJECT_VERSION = 1;
				GENERATE_INFOPLIST_FILE = YES;
				IPHONEOS_DEPLOYMENT_TARGET = 15.2;
				MARKETING_VERSION = 1.0;
				PRODUCT_BUNDLE_IDENTIFIER = com.rutuja.customcellsnacksTests;
				PRODUCT_NAME = "$(TARGET_NAME)";
				SWIFT_EMIT_LOC_STRINGS = NO;
				SWIFT_VERSION = 5.0;
				TARGETED_DEVICE_FAMILY = "1,2";
				TEST_HOST = "$(BUILT_PRODUCTS_DIR)/customcellsnacks.app/customcellsnacks";
			};
			name = Release;
		};
		044B36A72800BE0200911BF5 /* Debug */ = {
			isa = XCBuildConfiguration;
			buildSettings = {
				ALWAYS_EMBED_SWIFT_STANDARD_LIBRARIES = YES;
				CODE_SIGN_STYLE = Automatic;
				CURRENT_PROJECT_VERSION = 1;
				GENERATE_INFOPLIST_FILE = YES;
				MARKETING_VERSION = 1.0;
				PRODUCT_BUNDLE_IDENTIFIER = com.rutuja.customcellsnacksUITests;
				PRODUCT_NAME = "$(TARGET_NAME)";
				SWIFT_EMIT_LOC_STRINGS = NO;
				SWIFT_VERSION = 5.0;
				TARGETED_DEVICE_FAMILY = "1,2";
				TEST_TARGET_NAME = customcellsnacks;
			};
			name = Debug;
		};
		044B36A82800BE0200911BF5 /* Release */ = {
			isa = XCBuildConfiguration;
			buildSettings = {
				ALWAYS_EMBED_SWIFT_STANDARD_LIBRARIES = YES;
				CODE_SIGN_STYLE = Automatic;
				CURRENT_PROJECT_VERSION = 1;
				GENERATE_INFOPLIST_FILE = YES;
				MARKETING_VERSION = 1.0;
				PRODUCT_BUNDLE_IDENTIFIER = com.rutuja.customcellsnacksUITests;
				PRODUCT_NAME = "$(TARGET_NAME)";
				SWIFT_EMIT_LOC_STRINGS = NO;
				SWIFT_VERSION = 5.0;
				TARGETED_DEVICE_FAMILY = "1,2";
				TEST_TARGET_NAME = customcellsnacks;
			};
			name = Release;
		};
/* End XCBuildConfiguration section */

/* Begin XCConfigurationList section */
		044B36712800BE0000911BF5 /* Build configuration list for PBXProject "customcellsnacks" */ = {
			isa = XCConfigurationList;
			buildConfigurations = (
				044B369E2800BE0200911BF5 /* Debug */,
				044B369F2800BE0200911BF5 /* Release */,
			);
			defaultConfigurationIsVisible = 0;
			defaultConfigurationName = Release;
		};
		044B36A02800BE0200911BF5 /* Build configuration list for PBXNativeTarget "customcellsnacks" */ = {
			isa = XCConfigurationList;
			buildConfigurations = (
				044B36A12800BE0200911BF5 /* Debug */,
				044B36A22800BE0200911BF5 /* Release */,
			);
			defaultConfigurationIsVisible = 0;
			defaultConfigurationName = Release;
		};
		044B36A32800BE0200911BF5 /* Build configuration list for PBXNativeTarget "customcellsnacksTests" */ = {
			isa = XCConfigurationList;
			buildConfigurations = (
				044B36A42800BE0200911BF5 /* Debug */,
				044B36A52800BE0200911BF5 /* Release */,
			);
			defaultConfigurationIsVisible = 0;
			defaultConfigurationName = Release;
		};
		044B36A62800BE0200911BF5 /* Build configuration list for PBXNativeTarget "customcellsnacksUITests" */ = {
			isa = XCConfigurationList;
			buildConfigurations = (
				044B36A72800BE0200911BF5 /* Debug */,
				044B36A82800BE0200911BF5 /* Release */,
			);
			defaultConfigurationIsVisible = 0;
			defaultConfigurationName = Release;
		};
/* End XCConfigurationList section */
	};
	rootObject = 044B366E2800BE0000911BF5 /* Project object */;
}
